
Microsoft Visual Studio Solution File, Format Version 12.00
# Visual Studio Version 17
VisualStudioVersion = 17.1.32210.238
MinimumVisualStudioVersion = 10.0.40219.1
Project("{FAE04EC0-301F-11D3-BF4B-00C04F79EFBC}") = "TagHelper_Demo_HyperlinksImplements", "TagHelper_Demo_HyperlinksImplements\TagHelper_Demo_HyperlinksImplements.csproj", "{C1170DA7-1955-4D0C-9FD3-03019A1768DB}"
EndProject
Global
	GlobalSection(SolutionConfigurationPlatforms) = preSolution
		Debug|Any CPU = Debug|Any CPU
		Release|Any CPU = Release|Any CPU
	EndGlobalSection
	GlobalSection(ProjectConfigurationPlatforms) = postSolution
		{C1170DA7-1955-4D0C-9FD3-03019A1768DB}.Debug|Any CPU.ActiveCfg = Debug|Any CPU
		{C1170DA7-1955-4D0C-9FD3-03019A1768DB}.Debug|Any CPU.Build.0 = Debug|Any CPU
		{C1170DA7-1955-4D0C-9FD3-03019A1768DB}.Release|Any CPU.ActiveCfg = Release|Any CPU
		{C1170DA7-1955-4D0C-9FD3-03019A1768DB}.Release|Any CPU.Build.0 = Release|Any CPU
	EndGlobalSection
	GlobalSection(SolutionProperties) = preSolution
		HideSolutionNode = FALSE
	EndGlobalSection
	GlobalSection(ExtensibilityGlobals) = postSolution
		SolutionGuid = {45F063B7-74FD-462C-BEC7-F9C6A446313E}
	EndGlobalSection
EndGlobal
